github.com/davecgh/go-spew v1.1.1/go.mod h1:J7Y8YcW2NihsgmVo/mv3lAwl/skON4iLHjSsI+c5H38=
github.com/kyoh86/xdg v1.2.0 h1:CERuT/ShdTDj+A2UaX3hQ3mOV369+Sj+wyn2nIRIIkI=
github.com/kyoh86/xdg v1.2.0/go.mod h1:/mg8zwu1+qe76oTFUBnyS7rJzk7LLC0VGEzJyJ19DHs=
github.com/mattn/go-sqlite3 v1.14.5 h1:1IdxlwTNazvbKJQSxoJ5/9ECbEeaTTyeU7sEAZ5KKTQ=
github.com/mattn/go-sqlite3 v1.14.5/go.mod h1:WVKg1VTActs4Qso6iwGbiFih2UIHo0ENGwNd0Lj+XmI=
github.com/nicklaw5/helix v1.4.0 h1:ZaDXSQ0zwoF7TIIiexfcYE/wog3as/uTm3rR0C5Z1L4=
github.com/nicklaw5/helix v1.4.0/go.mod h1:XeeXY7oY5W+MVMu6wF4qGm8uvjZ1/Nss0FqprVkXKrg=
github.com/pelletier/go-toml v1.8.1 h1:1Nf83orprkJyknT6h7zbuEGUEjcyVlCxSUGTENmNCRM=
github.com/pelletier/go-toml v1.8.1/go.mod h1:T2/BmBdy8dvIRq1a/8aqjN41wvWlN4lrapLU/GW4pbc=
github.com/quangngotan95/go-m3u8 v0.1.0 h1:8oseBjJn5IKHQKdRZwSNskkua3NLrRtlvXXtoVgBzMk=
github.com/quangngotan95/go-m3u8 v0.1.0/go.mod h1:smzfWHlYpBATVNu1GapKLYiCtEo5JxridIgvvudZ+Wc=
